
Microsoft Visual Studio Solution File, Format Version 12.00
# Visual Studio Version 16
VisualStudioVersion = 16.0.31702.278
MinimumVisualStudioVersion = 10.0.40219.1
Project("{FAE04EC0-301F-11D3-BF4B-00C04F79EFBC}") = "Sistema de Nutricion", "Sistema de Nutricion.csproj", "{9344CF30-6EA8-41E1-B1A3-94919A30B36E}"
EndProject
Global
	GlobalSection(SolutionConfigurationPlatforms) = preSolution
		Debug|Any CPU = Debug|Any CPU
		Release|Any CPU = Release|Any CPU
	EndGlobalSection
	GlobalSection(ProjectConfigurationPlatforms) = postSolution
		{9344CF30-6EA8-41E1-B1A3-94919A30B36E}.Debug|Any CPU.ActiveCfg = Debug|Any CPU
		{9344CF30-6EA8-41E1-B1A3-94919A30B36E}.Debug|Any CPU.Build.0 = Debug|Any CPU
		{9344CF30-6EA8-41E1-B1A3-94919A30B36E}.Release|Any CPU.ActiveCfg = Release|Any CPU
		{9344CF30-6EA8-41E1-B1A3-94919A30B36E}.Release|Any CPU.Build.0 = Release|Any CPU
	EndGlobalSection
	GlobalSection(SolutionProperties) = preSolution
		HideSolutionNode = FALSE
	EndGlobalSection
	GlobalSection(ExtensibilityGlobals) = postSolution
		SolutionGuid = {8A06EA3A-FF58-47D7-9522-72DFAFA01353}
	EndGlobalSection
EndGlobal
